// !$*UTF8*$!
{
	archiveVersion = 1;
	classes = {
	};
	objectVersion = 51;
	objects = {

/* Begin PBXBuildFile section */
		27EF600579E22F8130BAB67C /* Pods_BreakPoint.framework in Frameworks */ = {isa = PBXBuildFile; fileRef = DFF6B1F4900CE4B28D149EC9 /* Pods_BreakPoint.framework */; };
		B914BF0C256BDC1F00546A01 /* ShadowView.swift in Sources */ = {isa = PBXBuildFile; fileRef = B914BF0B256BDC1F00546A01 /* ShadowView.swift */; };
		B914BF0F256BDF5600546A01 /* AuthService.swift in Sources */ = {isa = PBXBuildFile; fileRef = B914BF0E256BDF5600546A01 /* AuthService.swift */; };
		B95BA640256E7E1F00499D2E /* FeedVC.swift in Sources */ = {isa = PBXBuildFile; fileRef = B95BA63F256E7E1F00499D2E /* FeedVC.swift */; };
		B95BA643256E7E3900499D2E /* GroupsVC.swift in Sources */ = {isa = PBXBuildFile; fileRef = B95BA642256E7E3900499D2E /* GroupsVC.swift */; };
		B95BA656256E8C1500499D2E /* GoogleService-Info.plist in Resources */ = {isa = PBXBuildFile; fileRef = B95BA655256E8C1500499D2E /* GoogleService-Info.plist */; };
		B95BA659256E8CA600499D2E /* ProfileVC.swift in Sources */ = {isa = PBXBuildFile; fileRef = B95BA658256E8CA600499D2E /* ProfileVC.swift */; };
		B95BA65C256E928D00499D2E /* CreatePostVC.swift in Sources */ = {isa = PBXBuildFile; fileRef = B95BA65B256E928D00499D2E /* CreatePostVC.swift */; };
		B95F66A3256FC81C00F02FCE /* UIViewExt.swift in Sources */ = {isa = PBXBuildFile; fileRef = B95F66A2256FC81C00F02FCE /* UIViewExt.swift */; };
		B95F66A7256FCC6F00F02FCE /* FeedCell.swift in Sources */ = {isa = PBXBuildFile; fileRef = B95F66A6256FCC6F00F02FCE /* FeedCell.swift */; };
		B95F66AA256FCE9200F02FCE /* Message.swift in Sources */ = {isa = PBXBuildFile; fileRef = B95F66A9256FCE9200F02FCE /* Message.swift */; };
		B987B8C125669550005CFCD8 /* AppDelegate.swift in Sources */ = {isa = PBXBuildFile; fileRef = B987B8C025669550005CFCD8 /* AppDelegate.swift */; };
		B987B8C325669550005CFCD8 /* SceneDelegate.swift in Sources */ = {isa = PBXBuildFile; fileRef = B987B8C225669550005CFCD8 /* SceneDelegate.swift */; };
		B987B8C525669550005CFCD8 /* ViewController.swift in Sources */ = {isa = PBXBuildFile; fileRef = B987B8C425669550005CFCD8 /* ViewController.swift */; };
		B987B8C825669550005CFCD8 /* Main.storyboard in Resources */ = {isa = PBXBuildFile; fileRef = B987B8C625669550005CFCD8 /* Main.storyboard */; };
		B987B8CA25669553005CFCD8 /* Assets.xcassets in Resources */ = {isa = PBXBuildFile; fileRef = B987B8C925669553005CFCD8 /* Assets.xcassets */; };
		B987B8CD25669553005CFCD8 /* LaunchScreen.storyboard in Resources */ = {isa = PBXBuildFile; fileRef = B987B8CB25669553005CFCD8 /* LaunchScreen.storyboard */; };
		B987B8F3256A37F3005CFCD8 /* DataService.swift in Sources */ = {isa = PBXBuildFile; fileRef = B987B8F2256A37F3005CFCD8 /* DataService.swift */; };
		B987B8F6256A800B005CFCD8 /* AuthVC.swift in Sources */ = {isa = PBXBuildFile; fileRef = B987B8F5256A800B005CFCD8 /* AuthVC.swift */; };
		B987B8F9256A8028005CFCD8 /* LoginVC.swift in Sources */ = {isa = PBXBuildFile; fileRef = B987B8F8256A8028005CFCD8 /* LoginVC.swift */; };
		B987B8FC256A80A1005CFCD8 /* InsetTxtField.swift in Sources */ = {isa = PBXBuildFile; fileRef = B987B8FB256A80A1005CFCD8 /* InsetTxtField.swift */; };
/* End PBXBuildFile section */

/* Begin PBXFileReference section */
		8D78272AB07835F88854943F /* Pods-BreakPoint.release.xcconfig */ = {isa = PBXFileReference; includeInIndex = 1; lastKnownFileType = text.xcconfig; name = "Pods-BreakPoint.release.xcconfig"; path = "Target Support Files/Pods-BreakPoint/Pods-BreakPoint.release.xcconfig"; sourceTree = "<group>"; };
		B914BF0B256BDC1F00546A01 /* ShadowView.swift */ = {isa = PBXFileReference; lastKnownFileType = sourcecode.swift; path = ShadowView.swift; sourceTree = "<group>"; };
		B914BF0E256BDF5600546A01 /* AuthService.swift */ = {isa = PBXFileReference; lastKnownFileType = sourcecode.swift; path = AuthService.swift; sourceTree = "<group>"; };
		B95BA63F256E7E1F00499D2E /* FeedVC.swift */ = {isa = PBXFileReference; lastKnownFileType = sourcecode.swift; path = FeedVC.swift; sourceTree = "<group>"; };
		B95BA642256E7E3900499D2E /* GroupsVC.swift */ = {isa = PBXFileReference; lastKnownFileType = sourcecode.swift; path = GroupsVC.swift; sourceTree = "<group>"; };
		B95BA655256E8C1500499D2E /* GoogleService-Info.plist */ = {isa = PBXFileReference; fileEncoding = 4; lastKnownFileType = text.plist.xml; name = "GoogleService-Info.plist"; path = "../../GoogleService-Info.plist"; sourceTree = "<group>"; };
		B95BA658256E8CA600499D2E /* ProfileVC.swift */ = {isa = PBXFileReference; lastKnownFileType = sourcecode.swift; path = ProfileVC.swift; sourceTree = "<group>"; };
		B95BA65B256E928D00499D2E /* CreatePostVC.swift */ = {isa = PBXFileReference; lastKnownFileType = sourcecode.swift; path = CreatePostVC.swift; sourceTree = "<group>"; };
		B95F66A2256FC81C00F02FCE /* UIViewExt.swift */ = {isa = PBXFileReference; lastKnownFileType = sourcecode.swift; path = UIViewExt.swift; sourceTree = "<group>"; };
		B95F66A6256FCC6F00F02FCE /* FeedCell.swift */ = {isa = PBXFileReference; lastKnownFileType = sourcecode.swift; path = FeedCell.swift; sourceTree = "<group>"; };
		B95F66A9256FCE9200F02FCE /* Message.swift */ = {isa = PBXFileReference; lastKnownFileType = sourcecode.swift; path = Message.swift; sourceTree = "<group>"; };
		B987B8BD25669550005CFCD8 /* BreakPoint.app */ = {isa = PBXFileReference; explicitFileType = wrapper.application; includeInIndex = 0; path = BreakPoint.app; sourceTree = BUILT_PRODUCTS_DIR; };
		B987B8C025669550005CFCD8 /* AppDelegate.swift */ = {isa = PBXFileReference; lastKnownFileType = sourcecode.swift; path = AppDelegate.swift; sourceTree = "<group>"; };
		B987B8C225669550005CFCD8 /* SceneDelegate.swift */ = {isa = PBXFileReference; lastKnownFileType = sourcecode.swift; path = SceneDelegate.swift; sourceTree = "<group>"; };
		B987B8C425669550005CFCD8 /* ViewController.swift */ = {isa = PBXFileReference; lastKnownFileType = sourcecode.swift; path = ViewController.swift; sourceTree = "<group>"; };
		B987B8C725669550005CFCD8 /* Base */ = {isa = PBXFileReference; lastKnownFileType = file.storyboard; name = Base; path = Base.lproj/Main.storyboard; sourceTree = "<group>"; };
		B987B8C925669553005CFCD8 /* Assets.xcassets */ = {isa = PBXFileReference; lastKnownFileType = folder.assetcatalog; path = Assets.xcassets; sourceTree = "<group>"; };
		B987B8CC25669553005CFCD8 /* Base */ = {isa = PBXFileReference; lastKnownFileType = file.storyboard; name = Base; path = Base.lproj/LaunchScreen.storyboard; sourceTree = "<group>"; };
		B987B8CE25669553005CFCD8 /* Info.plist */ = {isa = PBXFileReference; lastKnownFileType = text.plist.xml; path = Info.plist; sourceTree = "<group>"; };
		B987B8F2256A37F3005CFCD8 /* DataService.swift */ = {isa = PBXFileReference; lastKnownFileType = sourcecode.swift; path = DataService.swift; sourceTree = "<group>"; };
		B987B8F5256A800B005CFCD8 /* AuthVC.swift */ = {isa = PBXFileReference; lastKnownFileType = sourcecode.swift; path = AuthVC.swift; sourceTree = "<group>"; };
		B987B8F8256A8028005CFCD8 /* LoginVC.swift */ = {isa = PBXFileReference; lastKnownFileType = sourcecode.swift; path = LoginVC.swift; sourceTree = "<group>"; };
		B987B8FB256A80A1005CFCD8 /* InsetTxtField.swift */ = {isa = PBXFileReference; lastKnownFileType = sourcecode.swift; path = InsetTxtField.swift; sourceTree = "<group>"; };
		DFF6B1F4900CE4B28D149EC9 /* Pods_BreakPoint.framework */ = {isa = PBXFileReference; explicitFileType = wrapper.framework; includeInIndex = 0; path = Pods_BreakPoint.framework; sourceTree = BUILT_PRODUCTS_DIR; };
		F65673CFD3C06DC45E674590 /* Pods-BreakPoint.debug.xcconfig */ = {isa = PBXFileReference; includeInIndex = 1; lastKnownFileType = text.xcconfig; name = "Pods-BreakPoint.debug.xcconfig"; path = "Target Support Files/Pods-BreakPoint/Pods-BreakPoint.debug.xcconfig"; sourceTree = "<group>"; };
/* End PBXFileReference section */

/* Begin PBXFrameworksBuildPhase section */
		B987B8BA25669550005CFCD8 /* Frameworks */ = {
			isa = PBXFrameworksBuildPhase;
			buildActionMask = 2147483647;
			files = (
				27EF600579E22F8130BAB67C /* Pods_BreakPoint.framework in Frameworks */,
			);
			runOnlyForDeploymentPostprocessing = 0;
		};
/* End PBXFrameworksBuildPhase section */

/* Begin PBXGroup section */
		8ACB9F34B3C9F4A36B9F5212 /* Frameworks */ = {
			isa = PBXGroup;
			children = (
				DFF6B1F4900CE4B28D149EC9 /* Pods_BreakPoint.framework */,
			);
			name = Frameworks;
			sourceTree = "<group>";
		};
		A570425A3AE9A01070FE7C0A /* Pods */ = {
			isa = PBXGroup;
			children = (
				F65673CFD3C06DC45E674590 /* Pods-BreakPoint.debug.xcconfig */,
				8D78272AB07835F88854943F /* Pods-BreakPoint.release.xcconfig */,
			);
			path = Pods;
			sourceTree = "<group>";
		};
		B95F66A1256FC80400F02FCE /* Extensions */ = {
			isa = PBXGroup;
			children = (
				B95F66A2256FC81C00F02FCE /* UIViewExt.swift */,
			);
			path = Extensions;
			sourceTree = "<group>";
		};
		B987B8B425669550005CFCD8 = {
			isa = PBXGroup;
			children = (
				B987B8BF25669550005CFCD8 /* BreakPoint */,
				B987B8BE25669550005CFCD8 /* Products */,
				A570425A3AE9A01070FE7C0A /* Pods */,
				8ACB9F34B3C9F4A36B9F5212 /* Frameworks */,
			);
			sourceTree = "<group>";
		};
		B987B8BE25669550005CFCD8 /* Products */ = {
			isa = PBXGroup;
			children = (
				B987B8BD25669550005CFCD8 /* BreakPoint.app */,
			);
			name = Products;
			sourceTree = "<group>";
		};
		B987B8BF25669550005CFCD8 /* BreakPoint */ = {
			isa = PBXGroup;
			children = (
				B987B8F0256A37DC005CFCD8 /* Services */,
				B987B8EB256A37BB005CFCD8 /* Model */,
				B95F66A1256FC80400F02FCE /* Extensions */,
				B987B8E9256A37B3005CFCD8 /* View */,
				B987B8EC256A37C1005CFCD8 /* Controller */,
				B987B8C025669550005CFCD8 /* AppDelegate.swift */,
				B987B8C225669550005CFCD8 /* SceneDelegate.swift */,
				B987B8C425669550005CFCD8 /* ViewController.swift */,
				B987B8C625669550005CFCD8 /* Main.storyboard */,
				B987B8C925669553005CFCD8 /* Assets.xcassets */,
				B987B8CB25669553005CFCD8 /* LaunchScreen.storyboard */,
				B987B8CE25669553005CFCD8 /* Info.plist */,
				B95BA655256E8C1500499D2E /* GoogleService-Info.plist */,
			);
			path = BreakPoint;
			sourceTree = "<group>";
		};
		B987B8E9256A37B3005CFCD8 /* View */ = {
			isa = PBXGroup;
			children = (
				B987B8FB256A80A1005CFCD8 /* InsetTxtField.swift */,
				B914BF0B256BDC1F00546A01 /* ShadowView.swift */,
				B95F66A6256FCC6F00F02FCE /* FeedCell.swift */,
			);
			path = View;
			sourceTree = "<group>";
		};
		B987B8EB256A37BB005CFCD8 /* Model */ = {
			isa = PBXGroup;
			children = (
				B95F66A9256FCE9200F02FCE /* Message.swift */,
			);
			path = Model;
			sourceTree = "<group>";
		};
		B987B8EC256A37C1005CFCD8 /* Controller */ = {
			isa = PBXGroup;
			children = (
				B95BA63F256E7E1F00499D2E /* FeedVC.swift */,
				B987B8F5256A800B005CFCD8 /* AuthVC.swift */,
				B95BA65B256E928D00499D2E /* CreatePostVC.swift */,
				B987B8F8256A8028005CFCD8 /* LoginVC.swift */,
				B95BA642256E7E3900499D2E /* GroupsVC.swift */,
				B95BA658256E8CA600499D2E /* ProfileVC.swift */,
			);
			path = Controller;
			sourceTree = "<group>";
		};
		B987B8F0256A37DC005CFCD8 /* Services */ = {
			isa = PBXGroup;
			children = (
				B987B8F2256A37F3005CFCD8 /* DataService.swift */,
				B914BF0E256BDF5600546A01 /* AuthService.swift */,
			);
			path = Services;
			sourceTree = "<group>";
		};
/* End PBXGroup section */

/* Begin PBXNativeTarget section */
		B987B8BC25669550005CFCD8 /* BreakPoint */ = {
			isa = PBXNativeTarget;
			buildConfigurationList = B987B8D125669553005CFCD8 /* Build configuration list for PBXNativeTarget "BreakPoint" */;
			buildPhases = (
				085C0062F8E0A8DC0F083AB8 /* [CP] Check Pods Manifest.lock */,
				B987B8B925669550005CFCD8 /* Sources */,
				B987B8BA25669550005CFCD8 /* Frameworks */,
				B987B8BB25669550005CFCD8 /* Resources */,
				53C6955A5B2AD78A0EFD21C3 /* [CP] Embed Pods Frameworks */,
			);
			buildRules = (
			);
			dependencies = (
			);
			name = BreakPoint;
			productName = BreakPoint;
			productReference = B987B8BD25669550005CFCD8 /* BreakPoint.app */;
			productType = "com.apple.product-type.application";
		};
/* End PBXNativeTarget section */

/* Begin PBXProject section */
		B987B8B525669550005CFCD8 /* Project object */ = {
			isa = PBXProject;
			attributes = {
				LastSwiftUpdateCheck = 1210;
				LastUpgradeCheck = 1210;
				TargetAttributes = {
					B987B8BC25669550005CFCD8 = {
						CreatedOnToolsVersion = 12.1;
					};
				};
			};
			buildConfigurationList = B987B8B825669550005CFCD8 /* Build configuration list for PBXProject "BreakPoint" */;
			compatibilityVersion = "Xcode 9.3";
			developmentRegion = en;
			hasScannedForEncodings = 0;
			knownRegions = (
				en,
				Base,
			);
			mainGroup = B987B8B425669550005CFCD8;
			productRefGroup = B987B8BE25669550005CFCD8 /* Products */;
			projectDirPath = "";
			projectRoot = "";
			targets = (
				B987B8BC25669550005CFCD8 /* BreakPoint */,
			);
		};
/* End PBXProject section */

/* Begin PBXResourcesBuildPhase section */
		B987B8BB25669550005CFCD8 /* Resources */ = {
			isa = PBXResourcesBuildPhase;
			buildActionMask = 2147483647;
			files = (
				B987B8CD25669553005CFCD8 /* LaunchScreen.storyboard in Resources */,
				B95BA656256E8C1500499D2E /* GoogleService-Info.plist in Resources */,
				B987B8CA25669553005CFCD8 /* Assets.xcassets in Resources */,
				B987B8C825669550005CFCD8 /* Main.storyboard in Resources */,
			);
			runOnlyForDeploymentPostprocessing = 0;
		};
/* End PBXResourcesBuildPhase section */

/* Begin PBXShellScriptBuildPhase section */
		085C0062F8E0A8DC0F083AB8 /* [CP] Check Pods Manifest.lock */ = {
			isa = PBXShellScriptBuildPhase;
			buildActionMask = 2147483647;
			files = (
			);
			inputFileListPaths = (
			);
			inputPaths = (
				"${PODS_PODFILE_DIR_PATH}/Podfile.lock",
				"${PODS_ROOT}/Manifest.lock",
			);
			name = "[CP] Check Pods Manifest.lock";
			outputFileListPaths = (
			);
			outputPaths = (
				"$(DERIVED_FILE_DIR)/Pods-BreakPoint-checkManifestLockResult.txt",
			);
			runOnlyForDeploymentPostprocessing = 0;
			shellPath = /bin/sh;
			shellScript = "diff \"${PODS_PODFILE_DIR_PATH}/Podfile.lock\" \"${PODS_ROOT}/Manifest.lock\" > /dev/null\nif [ $? != 0 ] ; then\n    # print error to STDERR\n    echo \"error: The sandbox is not in sync with the Podfile.lock. Run 'pod install' or update your CocoaPods installation.\" >&2\n    exit 1\nfi\n# This output is used by Xcode 'outputs' to avoid re-running this script phase.\necho \"SUCCESS\" > \"${SCRIPT_OUTPUT_FILE_0}\"\n";
			showEnvVarsInLog = 0;
		};
		53C6955A5B2AD78A0EFD21C3 /* [CP] Embed Pods Frameworks */ = {
			isa = PBXShellScriptBuildPhase;
			buildActionMask = 2147483647;
			files = (
			);
			inputFileListPaths = (
				"${PODS_ROOT}/Target Support Files/Pods-BreakPoint/Pods-BreakPoint-frameworks-${CONFIGURATION}-input-files.xcfilelist",
			);
			name = "[CP] Embed Pods Frameworks";
			outputFileListPaths = (
				"${PODS_ROOT}/Target Support Files/Pods-BreakPoint/Pods-BreakPoint-frameworks-${CONFIGURATION}-output-files.xcfilelist",
			);
			runOnlyForDeploymentPostprocessing = 0;
			shellPath = /bin/sh;
			shellScript = "\"${PODS_ROOT}/Target Support Files/Pods-BreakPoint/Pods-BreakPoint-frameworks.sh\"\n";
			showEnvVarsInLog = 0;
		};
/* End PBXShellScriptBuildPhase section */

/* Begin PBXSourcesBuildPhase section */
		B987B8B925669550005CFCD8 /* Sources */ = {
			isa = PBXSourcesBuildPhase;
			buildActionMask = 2147483647;
			files = (
				B95F66A3256FC81C00F02FCE /* UIViewExt.swift in Sources */,
				B95BA659256E8CA600499D2E /* ProfileVC.swift in Sources */,
				B987B8F6256A800B005CFCD8 /* AuthVC.swift in Sources */,
				B95BA65C256E928D00499D2E /* CreatePostVC.swift in Sources */,
				B987B8C525669550005CFCD8 /* ViewController.swift in Sources */,
				B95BA640256E7E1F00499D2E /* FeedVC.swift in Sources */,
				B987B8FC256A80A1005CFCD8 /* InsetTxtField.swift in Sources */,
				B914BF0F256BDF5600546A01 /* AuthService.swift in Sources */,
				B987B8F9256A8028005CFCD8 /* LoginVC.swift in Sources */,
				B914BF0C256BDC1F00546A01 /* ShadowView.swift in Sources */,
				B987B8C125669550005CFCD8 /* AppDelegate.swift in Sources */,
				B95F66A7256FCC6F00F02FCE /* FeedCell.swift in Sources */,
				B987B8C325669550005CFCD8 /* SceneDelegate.swift in Sources */,
				B95F66AA256FCE9200F02FCE /* Message.swift in Sources */,
				B95BA643256E7E3900499D2E /* GroupsVC.swift in Sources */,
				B987B8F3256A37F3005CFCD8 /* DataService.swift in Sources */,
			);
			runOnlyForDeploymentPostprocessing = 0;
		};
/* End PBXSourcesBuildPhase section */

/* Begin PBXVariantGroup section */
		B987B8C625669550005CFCD8 /* Main.storyboard */ = {
			isa = PBXVariantGroup;
			children = (
				B987B8C725669550005CFCD8 /* Base */,
			);
			name = Main.storyboard;
			sourceTree = "<group>";
		};
		B987B8CB25669553005CFCD8 /* LaunchScreen.storyboard */ = {
			isa = PBXVariantGroup;
			children = (
				B987B8CC25669553005CFCD8 /* Base */,
			);
			name = LaunchScreen.storyboard;
			sourceTree = "<group>";
		};
/* End PBXVariantGroup section */

/* Begin XCBuildConfiguration section */
		B987B8CF25669553005CFCD8 /* Debug */ = {
			isa = XCBuildConfiguration;
			buildSettings = {
				ALWAYS_SEARCH_USER_PATHS = NO;
				CLANG_ANALYZER_NONNULL = YES;
				CLANG_ANALYZER_NUMBER_OBJECT_CONVERSION = YES_AGGRESSIVE;
				CLANG_CXX_LANGUAGE_STANDARD = "gnu++14";
				CLANG_CXX_LIBRARY = "libc++";
				CLANG_ENABLE_MODULES = YES;
				CLANG_ENABLE_OBJC_ARC = YES;
				CLANG_ENABLE_OBJC_WEAK = YES;
				CLANG_WARN_BLOCK_CAPTURE_AUTORELEASING = YES;
				CLANG_WARN_BOOL_CONVERSION = YES;
				CLANG_WARN_COMMA = YES;
				CLANG_WARN_CONSTANT_CONVERSION = YES;
				CLANG_WARN_DEPRECATED_OBJC_IMPLEMENTATIONS = YES;
				CLANG_WARN_DIRECT_OBJC_ISA_USAGE = YES_ERROR;
				CLANG_WARN_DOCUMENTATION_COMMENTS = YES;
				CLANG_WARN_EMPTY_BODY = YES;
				CLANG_WARN_ENUM_CONVERSION = YES;
				CLANG_WARN_INFINITE_RECURSION = YES;
				CLANG_WARN_INT_CONVERSION = YES;
				CLANG_WARN_NON_LITERAL_NULL_CONVERSION = YES;
				CLANG_WARN_OBJC_IMPLICIT_RETAIN_SELF = YES;
				CLANG_WARN_OBJC_LITERAL_CONVERSION = YES;
				CLANG_WARN_OBJC_ROOT_CLASS = YES_ERROR;
				CLANG_WARN_QUOTED_INCLUDE_IN_FRAMEWORK_HEADER = YES;
				CLANG_WARN_RANGE_LOOP_ANALYSIS = YES;
				CLANG_WARN_STRICT_PROTOTYPES = YES;
				CLANG_WARN_SUSPICIOUS_MOVE = YES;
				CLANG_WARN_UNGUARDED_AVAILABILITY = YES_AGGRESSIVE;
				CLANG_WARN_UNREACHABLE_CODE = YES;
				CLANG_WARN__DUPLICATE_METHOD_MATCH = YES;
				COPY_PHASE_STRIP = NO;
				DEBUG_INFORMATION_FORMAT = dwarf;
				ENABLE_STRICT_OBJC_MSGSEND = YES;
				ENABLE_TESTABILITY = YES;
				GCC_C_LANGUAGE_STANDARD = gnu11;
				GCC_DYNAMIC_NO_PIC = NO;
				GCC_NO_COMMON_BLOCKS = YES;
				GCC_OPTIMIZATION_LEVEL = 0;
				GCC_PREPROCESSOR_DEFINITIONS = (
					"DEBUG=1",
					"$(inherited)",
				);
				GCC_WARN_64_TO_32_BIT_CONVERSION = YES;
				GCC_WARN_ABOUT_RETURN_TYPE = YES_ERROR;
				GCC_WARN_UNDECLARED_SELECTOR = YES;
				GCC_WARN_UNINITIALIZED_AUTOS = YES_AGGRESSIVE;
				GCC_WARN_UNUSED_FUNCTION = YES;
				GCC_WARN_UNUSED_VARIABLE = YES;
				IPHONEOS_DEPLOYMENT_TARGET = 14.1;
				MTL_ENABLE_DEBUG_INFO = INCLUDE_SOURCE;
				MTL_FAST_MATH = YES;
				ONLY_ACTIVE_ARCH = YES;
				SDKROOT = iphoneos;
				SWIFT_ACTIVE_COMPILATION_CONDITIONS = DEBUG;
				SWIFT_OPTIMIZATION_LEVEL = "-Onone";
			};
			name = Debug;
		};
		B987B8D025669553005CFCD8 /* Release */ = {
			isa = XCBuildConfiguration;
			buildSettings = {
				ALWAYS_SEARCH_USER_PATHS = NO;
				CLANG_ANALYZER_NONNULL = YES;
				CLANG_ANALYZER_NUMBER_OBJECT_CONVERSION = YES_AGGRESSIVE;
				CLANG_CXX_LANGUAGE_STANDARD = "gnu++14";
				CLANG_CXX_LIBRARY = "libc++";
				CLANG_ENABLE_MODULES = YES;
				CLANG_ENABLE_OBJC_ARC = YES;
				CLANG_ENABLE_OBJC_WEAK = YES;
				CLANG_WARN_BLOCK_CAPTURE_AUTORELEASING = YES;
				CLANG_WARN_BOOL_CONVERSION = YES;
				CLANG_WARN_COMMA = YES;
				CLANG_WARN_CONSTANT_CONVERSION = YES;
				CLANG_WARN_DEPRECATED_OBJC_IMPLEMENTATIONS = YES;
				CLANG_WARN_DIRECT_OBJC_ISA_USAGE = YES_ERROR;
				CLANG_WARN_DOCUMENTATION_COMMENTS = YES;
				CLANG_WARN_EMPTY_BODY = YES;
				CLANG_WARN_ENUM_CONVERSION = YES;
				CLANG_WARN_INFINITE_RECURSION = YES;
				CLANG_WARN_INT_CONVERSION = YES;
				CLANG_WARN_NON_LITERAL_NULL_CONVERSION = YES;
				CLANG_WARN_OBJC_IMPLICIT_RETAIN_SELF = YES;
				CLANG_WARN_OBJC_LITERAL_CONVERSION = YES;
				CLANG_WARN_OBJC_ROOT_CLASS = YES_ERROR;
				CLANG_WARN_QUOTED_INCLUDE_IN_FRAMEWORK_HEADER = YES;
				CLANG_WARN_RANGE_LOOP_ANALYSIS = YES;
				CLANG_WARN_STRICT_PROTOTYPES = YES;
				CLANG_WARN_SUSPICIOUS_MOVE = YES;
				CLANG_WARN_UNGUARDED_AVAILABILITY = YES_AGGRESSIVE;
				CLANG_WARN_UNREACHABLE_CODE = YES;
				CLANG_WARN__DUPLICATE_METHOD_MATCH = YES;
				COPY_PHASE_STRIP = NO;
				DEBUG_INFORMATION_FORMAT = "dwarf-with-dsym";
				ENABLE_NS_ASSERTIONS = NO;
				ENABLE_STRICT_OBJC_MSGSEND = YES;
				GCC_C_LANGUAGE_STANDARD = gnu11;
				GCC_NO_COMMON_BLOCKS = YES;
				GCC_WARN_64_TO_32_BIT_CONVERSION = YES;
				GCC_WARN_ABOUT_RETURN_TYPE = YES_ERROR;
				GCC_WARN_UNDECLARED_SELECTOR = YES;
				GCC_WARN_UNINITIALIZED_AUTOS = YES_AGGRESSIVE;
				GCC_WARN_UNUSED_FUNCTION = YES;
				GCC_WARN_UNUSED_VARIABLE = YES;
				IPHONEOS_DEPLOYMENT_TARGET = 14.1;
				MTL_ENABLE_DEBUG_INFO = NO;
				MTL_FAST_MATH = YES;
				SDKROOT = iphoneos;
				SWIFT_COMPILATION_MODE = wholemodule;
				SWIFT_OPTIMIZATION_LEVEL = "-O";
				VALIDATE_PRODUCT = YES;
			};
			name = Release;
		};
		B987B8D225669553005CFCD8 /* Debug */ = {
			isa = XCBuildConfiguration;
			baseConfigurationReference = F65673CFD3C06DC45E674590 /* Pods-BreakPoint.debug.xcconfig */;
			buildSettings = {
				ASSETCATALOG_COMPILER_APPICON_NAME = AppIcon;
				ASSETCATALOG_COMPILER_GLOBAL_ACCENT_COLOR_NAME = AccentColor;
				CODE_SIGN_STYLE = Automatic;
				DEVELOPMENT_TEAM = W8PA5V3MFD;
				INFOPLIST_FILE = BreakPoint/Info.plist;
				LD_RUNPATH_SEARCH_PATHS = (
					"$(inherited)",
					"@executable_path/Frameworks",
				);
				PRODUCT_BUNDLE_IDENTIFIER = com.mks.BreakPoint;
				PRODUCT_NAME = "$(TARGET_NAME)";
				SWIFT_VERSION = 5.0;
				TARGETED_DEVICE_FAMILY = 1;
			};
			name = Debug;
		};
		B987B8D325669553005CFCD8 /* Release */ = {
			isa = XCBuildConfiguration;
			baseConfigurationReference = 8D78272AB07835F88854943F /* Pods-BreakPoint.release.xcconfig */;
			buildSettings = {
				ASSETCATALOG_COMPILER_APPICON_NAME = AppIcon;
				ASSETCATALOG_COMPILER_GLOBAL_ACCENT_COLOR_NAME = AccentColor;
				CODE_SIGN_STYLE = Automatic;
				DEVELOPMENT_TEAM = W8PA5V3MFD;
				INFOPLIST_FILE = BreakPoint/Info.plist;
				LD_RUNPATH_SEARCH_PATHS = (
					"$(inherited)",
					"@executable_path/Frameworks",
				);
				PRODUCT_BUNDLE_IDENTIFIER = com.mks.BreakPoint;
				PRODUCT_NAME = "$(TARGET_NAME)";
				SWIFT_VERSION = 5.0;
				TARGETED_DEVICE_FAMILY = 1;
			};
			name = Release;
		};
/* End XCBuildConfiguration section */

/* Begin XCConfigurationList section */
		B987B8B825669550005CFCD8 /* Build configuration list for PBXProject "BreakPoint" */ = {
			isa = XCConfigurationList;
			buildConfigurations = (
				B987B8CF25669553005CFCD8 /* Debug */,
				B987B8D025669553005CFCD8 /* Release */,
			);
			defaultConfigurationIsVisible = 0;
			defaultConfigurationName = Release;
		};
		B987B8D125669553005CFCD8 /* Build configuration list for PBXNativeTarget "BreakPoint" */ = {
			isa = XCConfigurationList;
			buildConfigurations = (
				B987B8D225669553005CFCD8 /* Debug */,
				B987B8D325669553005CFCD8 /* Release */,
			);
			defaultConfigurationIsVisible = 0;
			defaultConfigurationName = Release;
		};
/* End XCConfigurationList section */
	};
	rootObject = B987B8B525669550005CFCD8 /* Project object */;
}
